
Microsoft Visual Studio Solution File, Format Version 12.00
# Visual Studio Version 17
VisualStudioVersion = 17.10.35122.118
MinimumVisualStudioVersion = 10.0.40219.1
Project("{FAE04EC0-301F-11D3-BF4B-00C04F79EFBC}") = "ContactsManager.UI", "ContactsManager.UI\ContactsManager.UI.csproj", "{CF94668C-3B71-4AE1-8E7A-51DEC148AAB1}"
EndProject
Global
	GlobalSection(SolutionConfigurationPlatforms) = preSolution
		Debug|Any CPU = Debug|Any CPU
		Release|Any CPU = Release|Any CPU
	EndGlobalSection
	GlobalSection(ProjectConfigurationPlatforms) = postSolution
		{CF94668C-3B71-4AE1-8E7A-51DEC148AAB1}.Debug|Any CPU.ActiveCfg = Debug|Any CPU
		{CF94668C-3B71-4AE1-8E7A-51DEC148AAB1}.Debug|Any CPU.Build.0 = Debug|Any CPU
		{CF94668C-3B71-4AE1-8E7A-51DEC148AAB1}.Release|Any CPU.ActiveCfg = Release|Any CPU
		{CF94668C-3B71-4AE1-8E7A-51DEC148AAB1}.Release|Any CPU.Build.0 = Release|Any CPU
	EndGlobalSection
	GlobalSection(SolutionProperties) = preSolution
		HideSolutionNode = FALSE
	EndGlobalSection
	GlobalSection(ExtensibilityGlobals) = postSolution
		SolutionGuid = {CC4644A0-3224-41CC-8E3C-D0316FF3B7EF}
	EndGlobalSection
EndGlobal
