
Microsoft Visual Studio Solution File, Format Version 12.00
# Visual Studio Version 17
VisualStudioVersion = 17.10.35122.118
MinimumVisualStudioVersion = 10.0.40219.1
Project("{FAE04EC0-301F-11D3-BF4B-00C04F79EFBC}") = "ContactsManager.UI", "ContactsManager.UI\ContactsManager.UI.csproj", "{CF94668C-3B71-4AE1-8E7A-51DEC148AAB1}"
EndProject
Project("{2150E333-8FDC-42A3-9474-1A3956D46DE8}") = "src", "src", "{6BB9D5CA-6E24-41F6-AA5C-AE7A0F64711A}"
EndProject
Project("{2150E333-8FDC-42A3-9474-1A3956D46DE8}") = "tests", "tests", "{B10D6796-3061-458F-8827-BC9D415A3698}"
EndProject
Project("{FAE04EC0-301F-11D3-BF4B-00C04F79EFBC}") = "ContactsManager.Core", "ContactsManager.Core\ContactsManager.Core.csproj", "{5232B3BC-76AE-4DBE-B9D0-EF88588950F9}"
EndProject
Global
	GlobalSection(SolutionConfigurationPlatforms) = preSolution
		Debug|Any CPU = Debug|Any CPU
		Release|Any CPU = Release|Any CPU
	EndGlobalSection
	GlobalSection(ProjectConfigurationPlatforms) = postSolution
		{CF94668C-3B71-4AE1-8E7A-51DEC148AAB1}.Debug|Any CPU.ActiveCfg = Debug|Any CPU
		{CF94668C-3B71-4AE1-8E7A-51DEC148AAB1}.Debug|Any CPU.Build.0 = Debug|Any CPU
		{CF94668C-3B71-4AE1-8E7A-51DEC148AAB1}.Release|Any CPU.ActiveCfg = Release|Any CPU
		{CF94668C-3B71-4AE1-8E7A-51DEC148AAB1}.Release|Any CPU.Build.0 = Release|Any CPU
		{5232B3BC-76AE-4DBE-B9D0-EF88588950F9}.Debug|Any CPU.ActiveCfg = Debug|Any CPU
		{5232B3BC-76AE-4DBE-B9D0-EF88588950F9}.Debug|Any CPU.Build.0 = Debug|Any CPU
		{5232B3BC-76AE-4DBE-B9D0-EF88588950F9}.Release|Any CPU.ActiveCfg = Release|Any CPU
		{5232B3BC-76AE-4DBE-B9D0-EF88588950F9}.Release|Any CPU.Build.0 = Release|Any CPU
	EndGlobalSection
	GlobalSection(SolutionProperties) = preSolution
		HideSolutionNode = FALSE
	EndGlobalSection
	GlobalSection(NestedProjects) = preSolution
		{CF94668C-3B71-4AE1-8E7A-51DEC148AAB1} = {6BB9D5CA-6E24-41F6-AA5C-AE7A0F64711A}
		{5232B3BC-76AE-4DBE-B9D0-EF88588950F9} = {6BB9D5CA-6E24-41F6-AA5C-AE7A0F64711A}
	EndGlobalSection
	GlobalSection(ExtensibilityGlobals) = postSolution
		SolutionGuid = {CC4644A0-3224-41CC-8E3C-D0316FF3B7EF}
	EndGlobalSection
EndGlobal
